# THIS IS AN AUTOGENERATED FILE. DO NOT EDIT THIS FILE DIRECTLY.
# yarn lockfile v1


commander@7.1.0:
  version "7.1.0"
  resolved "https://registry.yarnpkg.com/commander/-/commander-7.1.0.tgz#f2eaecf131f10e36e07d894698226e36ae0eb5ff"
  integrity sha512-pRxBna3MJe6HKnBGsDyMv8ETbptw3axEdYHoqNh7gu5oDcew8fs0xnivZGm06Ogk8zGAJ9VX+OPEr2GXEQK4dg==

globalyzer@0.1.0:
  version "0.1.0"
  resolved "https://registry.yarnpkg.com/globalyzer/-/globalyzer-0.1.0.tgz#cb76da79555669a1519d5a8edf093afaa0bf1465"
  integrity sha512-40oNTM9UfG6aBmuKxk/giHn5nQ8RVz/SS4Ir6zgzOv9/qC3kKZ9v4etGTcJbEl/NyVQH7FGU7d+X1egr57Md2Q==

globrex@^0.1.2:
  version "0.1.2"
  resolved "https://registry.yarnpkg.com/globrex/-/globrex-0.1.2.tgz#dd5d9ec826232730cd6793a5e33a9302985e6098"
  integrity sha512-uHJgbwAMwNFf5mLst7IWLNg14x1CkeqglJb/K3doi4dw6q2IvAAmM/Y81kevy83wP+Sst+nutFTYOGg3d1lsxg==

js-reporters@2.0.0:
  version "2.0.0"
  resolved "https://registry.yarnpkg.com/js-reporters/-/js-reporters-2.0.0.tgz#62ad6a512f1740d3ab4686b0059dd9f57cc0708b"
  integrity sha512-VJd/86niT7GzsaVc+Yxrs8QPrYl1orzv8bYZPuSOtxU6rk/pv8aOXTcIa7HaANvtvdLMTsZspAiucNQ6T2QFHw==

node-watch@0.7.1:
  version "0.7.1"
  resolved "https://registry.yarnpkg.com/node-watch/-/node-watch-0.7.1.tgz#0caaa6a6833b0d533487f953c52a6c787769ba7c"
  integrity sha512-UWblPYuZYrkCQCW5PxAwYSxaELNBLUckrTBBk8xr1/bUgyOkYYTsUcV4e3ytcazFEOyiRyiUrsG37pu6I0I05g==

qunit@^2.11.1:
  version "2.15.0"
  resolved "https://registry.yarnpkg.com/qunit/-/qunit-2.15.0.tgz#8ba3a3c5d13369ab1740337680600a98a7f8b591"
  integrity sha512-9ZoOILeyRZzrdvy2m7M4S76bneGD75Bh4B2aot3uKRKZuoEvA9gevvzU339L805Ys0AN2C7cnAV9nIBD5t72IQ==
  dependencies:
    commander "7.1.0"
    js-reporters "2.0.0"
    node-watch "0.7.1"
    tiny-glob "0.2.8"

readline-sync@1.4.9:
  version "1.4.9"
  resolved "https://registry.yarnpkg.com/readline-sync/-/readline-sync-1.4.9.tgz#3eda8e65f23cd2a17e61301b1f0003396af5ecda"
  integrity sha1-PtqOZfI80qF+YTAbHwADOWr17No=

tau-prolog@^0.3.1:
  version "0.3.1"
  resolved "https://registry.yarnpkg.com/tau-prolog/-/tau-prolog-0.3.1.tgz#8be3c8c4e637d819f12ec10b6791a793b8fefeff"
  integrity sha512-5EXYqqjDKbZL0/GwwB98zUIenVnsMGKE4hfvRAXsHVGDvcOv2Crfhju2fDj8H5d95IJqHeLaQ/FQVWmhG2DI6w==
  dependencies:
    qunit "^2.11.1"
    readline-sync "1.4.9"

tiny-glob@0.2.8:
  version "0.2.8"
  resolved "https://registry.yarnpkg.com/tiny-glob/-/tiny-glob-0.2.8.tgz#b2792c396cc62db891ffa161fe8b33e76123e531"
  integrity sha512-vkQP7qOslq63XRX9kMswlby99kyO5OvKptw7AMwBVMjXEI7Tb61eoI5DydyEMOseyGS5anDN1VPoVxEvH01q8w==
  dependencies:
    globalyzer "0.1.0"
    globrex "^0.1.2"
